
Microsoft Visual Studio Solution File, Format Version 12.00
# Visual Studio Version 16
VisualStudioVersion = 16.0.29123.88
MinimumVisualStudioVersion = 15.0.26124.0
Project("{2150E333-8FDC-42A3-9474-1A3956D46DE8}") = "Core", "Core", "{D4445AC7-89F7-4DDE-A59C-089BE8360C23}"
EndProject
Project("{9A19103F-16F7-4668-BE54-9A1E7A4F7556}") = "FinalEngine.Maths", "FinalEngine.Maths\FinalEngine.Maths.csproj", "{DE5503A6-3953-4BD0-A45A-F69CE2A59273}"
EndProject
Project("{2150E333-8FDC-42A3-9474-1A3956D46DE8}") = "Tests", "Tests", "{630A1D15-42F7-444E-A7EC-96271CD4DE8C}"
EndProject
Project("{9A19103F-16F7-4668-BE54-9A1E7A4F7556}") = "FinalEngine.Maths.Tests", "FinalEngine.Maths.Tests\FinalEngine.Maths.Tests.csproj", "{B9884D5A-613F-45F8-9606-F2CE9B2A889D}"
EndProject
Project("{2150E333-8FDC-42A3-9474-1A3956D46DE8}") = "Platform", "Platform", "{F352E63D-4DFC-488A-A41E-A066C4994AA8}"
EndProject
Project("{9A19103F-16F7-4668-BE54-9A1E7A4F7556}") = "FinalEngine.Platform", "FinalEngine.Platform\FinalEngine.Platform.csproj", "{5FFEBEFC-408A-4335-BC8D-FE5EF4E81263}"
EndProject
Project("{9A19103F-16F7-4668-BE54-9A1E7A4F7556}") = "FinalEngine.Logging", "FinalEngine.Logging\FinalEngine.Logging.csproj", "{DDB8EF7C-B53E-4EA7-9C75-C78BFD5FCA22}"
EndProject
Project("{9A19103F-16F7-4668-BE54-9A1E7A4F7556}") = "FinalEngine.Logging.Tests", "FinalEngine.Logging.Tests\FinalEngine.Logging.Tests.csproj", "{38DD8C5D-FB8A-4BC8-8AF5-4FFBAF2B7554}"
EndProject
Project("{9A19103F-16F7-4668-BE54-9A1E7A4F7556}") = "FinalEngine.Drawing", "FinalEngine.Drawing\FinalEngine.Drawing.csproj", "{3B85587D-8873-4F6F-87FF-A7881F8B655A}"
EndProject
Project("{9A19103F-16F7-4668-BE54-9A1E7A4F7556}") = "FinalEngine.Drawing.Tests", "FinalEngine.Drawing.Tests\FinalEngine.Drawing.Tests.csproj", "{4AF91C5C-2B40-4FA1-82F8-DBDC08AB9F14}"
EndProject
Project("{9A19103F-16F7-4668-BE54-9A1E7A4F7556}") = "FinalEngine.Input", "FinalEngine.Input\FinalEngine.Input.csproj", "{48A0F1AD-6291-40E6-9A4F-A01A7056A4A3}"
EndProject
Project("{9A19103F-16F7-4668-BE54-9A1E7A4F7556}") = "FinalEngine.Input.Tests", "FinalEngine.Input.Tests\FinalEngine.Input.Tests.csproj", "{27195E43-262F-4673-B39D-074D8486E28C}"
EndProject
Project("{2150E333-8FDC-42A3-9474-1A3956D46DE8}") = "Tests", "Tests", "{D7513568-2A6F-4AC8-B1E6-023E11CAF503}"
EndProject
Project("{FAE04EC0-301F-11D3-BF4B-00C04F79EFBC}") = "FinalEngine.Platform.Tests", "FinalEngine.Platform.Tests\FinalEngine.Platform.Tests.csproj", "{1F2CCCFD-36B5-41A2-B351-C8FB817D7452}"
EndProject
Project("{FAE04EC0-301F-11D3-BF4B-00C04F79EFBC}") = "FinalEngine.Platform.Desktop", "FinalEngine.Platform.Desktop\FinalEngine.Platform.Desktop.csproj", "{C646E88C-A647-4D69-8827-92AB74317952}"
EndProject
Project("{2150E333-8FDC-42A3-9474-1A3956D46DE8}") = "Launcher", "Launcher", "{D1D49267-1893-4604-9FD4-5024C7451E5E}"
EndProject
Project("{FAE04EC0-301F-11D3-BF4B-00C04F79EFBC}") = "FinalEngine.Launcher.Desktop", "FinalEngine.Launcher.Desktop\FinalEngine.Launcher.Desktop.csproj", "{190DC703-421C-45D9-8AE9-6DFD666FF5CA}"
EndProject
Global
	GlobalSection(SolutionConfigurationPlatforms) = preSolution
		Debug|Any CPU = Debug|Any CPU
		Debug|x64 = Debug|x64
		Debug|x86 = Debug|x86
		Release|Any CPU = Release|Any CPU
		Release|x64 = Release|x64
		Release|x86 = Release|x86
	EndGlobalSection
	GlobalSection(ProjectConfigurationPlatforms) = postSolution
		{DE5503A6-3953-4BD0-A45A-F69CE2A59273}.Debug|Any CPU.ActiveCfg = Debug|Any CPU
		{DE5503A6-3953-4BD0-A45A-F69CE2A59273}.Debug|Any CPU.Build.0 = Debug|Any CPU
		{DE5503A6-3953-4BD0-A45A-F69CE2A59273}.Debug|x64.ActiveCfg = Debug|Any CPU
		{DE5503A6-3953-4BD0-A45A-F69CE2A59273}.Debug|x64.Build.0 = Debug|Any CPU
		{DE5503A6-3953-4BD0-A45A-F69CE2A59273}.Debug|x86.ActiveCfg = Debug|Any CPU
		{DE5503A6-3953-4BD0-A45A-F69CE2A59273}.Debug|x86.Build.0 = Debug|Any CPU
		{DE5503A6-3953-4BD0-A45A-F69CE2A59273}.Release|Any CPU.ActiveCfg = Release|Any CPU
		{DE5503A6-3953-4BD0-A45A-F69CE2A59273}.Release|Any CPU.Build.0 = Release|Any CPU
		{DE5503A6-3953-4BD0-A45A-F69CE2A59273}.Release|x64.ActiveCfg = Release|Any CPU
		{DE5503A6-3953-4BD0-A45A-F69CE2A59273}.Release|x64.Build.0 = Release|Any CPU
		{DE5503A6-3953-4BD0-A45A-F69CE2A59273}.Release|x86.ActiveCfg = Release|Any CPU
		{DE5503A6-3953-4BD0-A45A-F69CE2A59273}.Release|x86.Build.0 = Release|Any CPU
		{B9884D5A-613F-45F8-9606-F2CE9B2A889D}.Debug|Any CPU.ActiveCfg = Debug|Any CPU
		{B9884D5A-613F-45F8-9606-F2CE9B2A889D}.Debug|Any CPU.Build.0 = Debug|Any CPU
		{B9884D5A-613F-45F8-9606-F2CE9B2A889D}.Debug|x64.ActiveCfg = Debug|Any CPU
		{B9884D5A-613F-45F8-9606-F2CE9B2A889D}.Debug|x64.Build.0 = Debug|Any CPU
		{B9884D5A-613F-45F8-9606-F2CE9B2A889D}.Debug|x86.ActiveCfg = Debug|Any CPU
		{B9884D5A-613F-45F8-9606-F2CE9B2A889D}.Debug|x86.Build.0 = Debug|Any CPU
		{B9884D5A-613F-45F8-9606-F2CE9B2A889D}.Release|Any CPU.ActiveCfg = Release|Any CPU
		{B9884D5A-613F-45F8-9606-F2CE9B2A889D}.Release|Any CPU.Build.0 = Release|Any CPU
		{B9884D5A-613F-45F8-9606-F2CE9B2A889D}.Release|x64.ActiveCfg = Release|Any CPU
		{B9884D5A-613F-45F8-9606-F2CE9B2A889D}.Release|x64.Build.0 = Release|Any CPU
		{B9884D5A-613F-45F8-9606-F2CE9B2A889D}.Release|x86.ActiveCfg = Release|Any CPU
		{B9884D5A-613F-45F8-9606-F2CE9B2A889D}.Release|x86.Build.0 = Release|Any CPU
		{5FFEBEFC-408A-4335-BC8D-FE5EF4E81263}.Debug|Any CPU.ActiveCfg = Debug|Any CPU
		{5FFEBEFC-408A-4335-BC8D-FE5EF4E81263}.Debug|Any CPU.Build.0 = Debug|Any CPU
		{5FFEBEFC-408A-4335-BC8D-FE5EF4E81263}.Debug|x64.ActiveCfg = Debug|Any CPU
		{5FFEBEFC-408A-4335-BC8D-FE5EF4E81263}.Debug|x64.Build.0 = Debug|Any CPU
		{5FFEBEFC-408A-4335-BC8D-FE5EF4E81263}.Debug|x86.ActiveCfg = Debug|Any CPU
		{5FFEBEFC-408A-4335-BC8D-FE5EF4E81263}.Debug|x86.Build.0 = Debug|Any CPU
		{5FFEBEFC-408A-4335-BC8D-FE5EF4E81263}.Release|Any CPU.ActiveCfg = Release|Any CPU
		{5FFEBEFC-408A-4335-BC8D-FE5EF4E81263}.Release|Any CPU.Build.0 = Release|Any CPU
		{5FFEBEFC-408A-4335-BC8D-FE5EF4E81263}.Release|x64.ActiveCfg = Release|Any CPU
		{5FFEBEFC-408A-4335-BC8D-FE5EF4E81263}.Release|x64.Build.0 = Release|Any CPU
		{5FFEBEFC-408A-4335-BC8D-FE5EF4E81263}.Release|x86.ActiveCfg = Release|Any CPU
		{5FFEBEFC-408A-4335-BC8D-FE5EF4E81263}.Release|x86.Build.0 = Release|Any CPU
		{DDB8EF7C-B53E-4EA7-9C75-C78BFD5FCA22}.Debug|Any CPU.ActiveCfg = Debug|Any CPU
		{DDB8EF7C-B53E-4EA7-9C75-C78BFD5FCA22}.Debug|Any CPU.Build.0 = Debug|Any CPU
		{DDB8EF7C-B53E-4EA7-9C75-C78BFD5FCA22}.Debug|x64.ActiveCfg = Debug|Any CPU
		{DDB8EF7C-B53E-4EA7-9C75-C78BFD5FCA22}.Debug|x64.Build.0 = Debug|Any CPU
		{DDB8EF7C-B53E-4EA7-9C75-C78BFD5FCA22}.Debug|x86.ActiveCfg = Debug|Any CPU
		{DDB8EF7C-B53E-4EA7-9C75-C78BFD5FCA22}.Debug|x86.Build.0 = Debug|Any CPU
		{DDB8EF7C-B53E-4EA7-9C75-C78BFD5FCA22}.Release|Any CPU.ActiveCfg = Release|Any CPU
		{DDB8EF7C-B53E-4EA7-9C75-C78BFD5FCA22}.Release|Any CPU.Build.0 = Release|Any CPU
		{DDB8EF7C-B53E-4EA7-9C75-C78BFD5FCA22}.Release|x64.ActiveCfg = Release|Any CPU
		{DDB8EF7C-B53E-4EA7-9C75-C78BFD5FCA22}.Release|x64.Build.0 = Release|Any CPU
		{DDB8EF7C-B53E-4EA7-9C75-C78BFD5FCA22}.Release|x86.ActiveCfg = Release|Any CPU
		{DDB8EF7C-B53E-4EA7-9C75-C78BFD5FCA22}.Release|x86.Build.0 = Release|Any CPU
		{38DD8C5D-FB8A-4BC8-8AF5-4FFBAF2B7554}.Debug|Any CPU.ActiveCfg = Debug|Any CPU
		{38DD8C5D-FB8A-4BC8-8AF5-4FFBAF2B7554}.Debug|Any CPU.Build.0 = Debug|Any CPU
		{38DD8C5D-FB8A-4BC8-8AF5-4FFBAF2B7554}.Debug|x64.ActiveCfg = Debug|Any CPU
		{38DD8C5D-FB8A-4BC8-8AF5-4FFBAF2B7554}.Debug|x64.Build.0 = Debug|Any CPU
		{38DD8C5D-FB8A-4BC8-8AF5-4FFBAF2B7554}.Debug|x86.ActiveCfg = Debug|Any CPU
		{38DD8C5D-FB8A-4BC8-8AF5-4FFBAF2B7554}.Debug|x86.Build.0 = Debug|Any CPU
		{38DD8C5D-FB8A-4BC8-8AF5-4FFBAF2B7554}.Release|Any CPU.ActiveCfg = Release|Any CPU
		{38DD8C5D-FB8A-4BC8-8AF5-4FFBAF2B7554}.Release|Any CPU.Build.0 = Release|Any CPU
		{38DD8C5D-FB8A-4BC8-8AF5-4FFBAF2B7554}.Release|x64.ActiveCfg = Release|Any CPU
		{38DD8C5D-FB8A-4BC8-8AF5-4FFBAF2B7554}.Release|x64.Build.0 = Release|Any CPU
		{38DD8C5D-FB8A-4BC8-8AF5-4FFBAF2B7554}.Release|x86.ActiveCfg = Release|Any CPU
		{38DD8C5D-FB8A-4BC8-8AF5-4FFBAF2B7554}.Release|x86.Build.0 = Release|Any CPU
		{3B85587D-8873-4F6F-87FF-A7881F8B655A}.Debug|Any CPU.ActiveCfg = Debug|Any CPU
		{3B85587D-8873-4F6F-87FF-A7881F8B655A}.Debug|Any CPU.Build.0 = Debug|Any CPU
		{3B85587D-8873-4F6F-87FF-A7881F8B655A}.Debug|x64.ActiveCfg = Debug|Any CPU
		{3B85587D-8873-4F6F-87FF-A7881F8B655A}.Debug|x64.Build.0 = Debug|Any CPU
		{3B85587D-8873-4F6F-87FF-A7881F8B655A}.Debug|x86.ActiveCfg = Debug|Any CPU
		{3B85587D-8873-4F6F-87FF-A7881F8B655A}.Debug|x86.Build.0 = Debug|Any CPU
		{3B85587D-8873-4F6F-87FF-A7881F8B655A}.Release|Any CPU.ActiveCfg = Release|Any CPU
		{3B85587D-8873-4F6F-87FF-A7881F8B655A}.Release|Any CPU.Build.0 = Release|Any CPU
		{3B85587D-8873-4F6F-87FF-A7881F8B655A}.Release|x64.ActiveCfg = Release|Any CPU
		{3B85587D-8873-4F6F-87FF-A7881F8B655A}.Release|x64.Build.0 = Release|Any CPU
		{3B85587D-8873-4F6F-87FF-A7881F8B655A}.Release|x86.ActiveCfg = Release|Any CPU
		{3B85587D-8873-4F6F-87FF-A7881F8B655A}.Release|x86.Build.0 = Release|Any CPU
		{4AF91C5C-2B40-4FA1-82F8-DBDC08AB9F14}.Debug|Any CPU.ActiveCfg = Debug|Any CPU
		{4AF91C5C-2B40-4FA1-82F8-DBDC08AB9F14}.Debug|Any CPU.Build.0 = Debug|Any CPU
		{4AF91C5C-2B40-4FA1-82F8-DBDC08AB9F14}.Debug|x64.ActiveCfg = Debug|Any CPU
		{4AF91C5C-2B40-4FA1-82F8-DBDC08AB9F14}.Debug|x64.Build.0 = Debug|Any CPU
		{4AF91C5C-2B40-4FA1-82F8-DBDC08AB9F14}.Debug|x86.ActiveCfg = Debug|Any CPU
		{4AF91C5C-2B40-4FA1-82F8-DBDC08AB9F14}.Debug|x86.Build.0 = Debug|Any CPU
		{4AF91C5C-2B40-4FA1-82F8-DBDC08AB9F14}.Release|Any CPU.ActiveCfg = Release|Any CPU
		{4AF91C5C-2B40-4FA1-82F8-DBDC08AB9F14}.Release|Any CPU.Build.0 = Release|Any CPU
		{4AF91C5C-2B40-4FA1-82F8-DBDC08AB9F14}.Release|x64.ActiveCfg = Release|Any CPU
		{4AF91C5C-2B40-4FA1-82F8-DBDC08AB9F14}.Release|x64.Build.0 = Release|Any CPU
		{4AF91C5C-2B40-4FA1-82F8-DBDC08AB9F14}.Release|x86.ActiveCfg = Release|Any CPU
		{4AF91C5C-2B40-4FA1-82F8-DBDC08AB9F14}.Release|x86.Build.0 = Release|Any CPU
		{48A0F1AD-6291-40E6-9A4F-A01A7056A4A3}.Debug|Any CPU.ActiveCfg = Debug|Any CPU
		{48A0F1AD-6291-40E6-9A4F-A01A7056A4A3}.Debug|Any CPU.Build.0 = Debug|Any CPU
		{48A0F1AD-6291-40E6-9A4F-A01A7056A4A3}.Debug|x64.ActiveCfg = Debug|Any CPU
		{48A0F1AD-6291-40E6-9A4F-A01A7056A4A3}.Debug|x64.Build.0 = Debug|Any CPU
		{48A0F1AD-6291-40E6-9A4F-A01A7056A4A3}.Debug|x86.ActiveCfg = Debug|Any CPU
		{48A0F1AD-6291-40E6-9A4F-A01A7056A4A3}.Debug|x86.Build.0 = Debug|Any CPU
		{48A0F1AD-6291-40E6-9A4F-A01A7056A4A3}.Release|Any CPU.ActiveCfg = Release|Any CPU
		{48A0F1AD-6291-40E6-9A4F-A01A7056A4A3}.Release|Any CPU.Build.0 = Release|Any CPU
		{48A0F1AD-6291-40E6-9A4F-A01A7056A4A3}.Release|x64.ActiveCfg = Release|Any CPU
		{48A0F1AD-6291-40E6-9A4F-A01A7056A4A3}.Release|x64.Build.0 = Release|Any CPU
		{48A0F1AD-6291-40E6-9A4F-A01A7056A4A3}.Release|x86.ActiveCfg = Release|Any CPU
		{48A0F1AD-6291-40E6-9A4F-A01A7056A4A3}.Release|x86.Build.0 = Release|Any CPU
		{27195E43-262F-4673-B39D-074D8486E28C}.Debug|Any CPU.ActiveCfg = Debug|Any CPU
		{27195E43-262F-4673-B39D-074D8486E28C}.Debug|Any CPU.Build.0 = Debug|Any CPU
		{27195E43-262F-4673-B39D-074D8486E28C}.Debug|x64.ActiveCfg = Debug|Any CPU
		{27195E43-262F-4673-B39D-074D8486E28C}.Debug|x64.Build.0 = Debug|Any CPU
		{27195E43-262F-4673-B39D-074D8486E28C}.Debug|x86.ActiveCfg = Debug|Any CPU
		{27195E43-262F-4673-B39D-074D8486E28C}.Debug|x86.Build.0 = Debug|Any CPU
		{27195E43-262F-4673-B39D-074D8486E28C}.Release|Any CPU.ActiveCfg = Release|Any CPU
		{27195E43-262F-4673-B39D-074D8486E28C}.Release|Any CPU.Build.0 = Release|Any CPU
		{27195E43-262F-4673-B39D-074D8486E28C}.Release|x64.ActiveCfg = Release|Any CPU
		{27195E43-262F-4673-B39D-074D8486E28C}.Release|x64.Build.0 = Release|Any CPU
		{27195E43-262F-4673-B39D-074D8486E28C}.Release|x86.ActiveCfg = Release|Any CPU
		{27195E43-262F-4673-B39D-074D8486E28C}.Release|x86.Build.0 = Release|Any CPU
		{1F2CCCFD-36B5-41A2-B351-C8FB817D7452}.Debug|Any CPU.ActiveCfg = Debug|Any CPU
		{1F2CCCFD-36B5-41A2-B351-C8FB817D7452}.Debug|Any CPU.Build.0 = Debug|Any CPU
		{1F2CCCFD-36B5-41A2-B351-C8FB817D7452}.Debug|x64.ActiveCfg = Debug|Any CPU
		{1F2CCCFD-36B5-41A2-B351-C8FB817D7452}.Debug|x64.Build.0 = Debug|Any CPU
		{1F2CCCFD-36B5-41A2-B351-C8FB817D7452}.Debug|x86.ActiveCfg = Debug|Any CPU
		{1F2CCCFD-36B5-41A2-B351-C8FB817D7452}.Debug|x86.Build.0 = Debug|Any CPU
		{1F2CCCFD-36B5-41A2-B351-C8FB817D7452}.Release|Any CPU.ActiveCfg = Release|Any CPU
		{1F2CCCFD-36B5-41A2-B351-C8FB817D7452}.Release|Any CPU.Build.0 = Release|Any CPU
		{1F2CCCFD-36B5-41A2-B351-C8FB817D7452}.Release|x64.ActiveCfg = Release|Any CPU
		{1F2CCCFD-36B5-41A2-B351-C8FB817D7452}.Release|x64.Build.0 = Release|Any CPU
		{1F2CCCFD-36B5-41A2-B351-C8FB817D7452}.Release|x86.ActiveCfg = Release|Any CPU
		{1F2CCCFD-36B5-41A2-B351-C8FB817D7452}.Release|x86.Build.0 = Release|Any CPU
		{C646E88C-A647-4D69-8827-92AB74317952}.Debug|Any CPU.ActiveCfg = Debug|Any CPU
		{C646E88C-A647-4D69-8827-92AB74317952}.Debug|Any CPU.Build.0 = Debug|Any CPU
		{C646E88C-A647-4D69-8827-92AB74317952}.Debug|x64.ActiveCfg = Debug|Any CPU
		{C646E88C-A647-4D69-8827-92AB74317952}.Debug|x64.Build.0 = Debug|Any CPU
		{C646E88C-A647-4D69-8827-92AB74317952}.Debug|x86.ActiveCfg = Debug|Any CPU
		{C646E88C-A647-4D69-8827-92AB74317952}.Debug|x86.Build.0 = Debug|Any CPU
		{C646E88C-A647-4D69-8827-92AB74317952}.Release|Any CPU.ActiveCfg = Release|Any CPU
		{C646E88C-A647-4D69-8827-92AB74317952}.Release|Any CPU.Build.0 = Release|Any CPU
		{C646E88C-A647-4D69-8827-92AB74317952}.Release|x64.ActiveCfg = Release|Any CPU
		{C646E88C-A647-4D69-8827-92AB74317952}.Release|x64.Build.0 = Release|Any CPU
		{C646E88C-A647-4D69-8827-92AB74317952}.Release|x86.ActiveCfg = Release|Any CPU
		{C646E88C-A647-4D69-8827-92AB74317952}.Release|x86.Build.0 = Release|Any CPU
		{190DC703-421C-45D9-8AE9-6DFD666FF5CA}.Debug|Any CPU.ActiveCfg = Debug|Any CPU
		{190DC703-421C-45D9-8AE9-6DFD666FF5CA}.Debug|Any CPU.Build.0 = Debug|Any CPU
		{190DC703-421C-45D9-8AE9-6DFD666FF5CA}.Debug|x64.ActiveCfg = Debug|Any CPU
		{190DC703-421C-45D9-8AE9-6DFD666FF5CA}.Debug|x64.Build.0 = Debug|Any CPU
		{190DC703-421C-45D9-8AE9-6DFD666FF5CA}.Debug|x86.ActiveCfg = Debug|Any CPU
		{190DC703-421C-45D9-8AE9-6DFD666FF5CA}.Debug|x86.Build.0 = Debug|Any CPU
		{190DC703-421C-45D9-8AE9-6DFD666FF5CA}.Release|Any CPU.ActiveCfg = Release|Any CPU
		{190DC703-421C-45D9-8AE9-6DFD666FF5CA}.Release|Any CPU.Build.0 = Release|Any CPU
		{190DC703-421C-45D9-8AE9-6DFD666FF5CA}.Release|x64.ActiveCfg = Release|Any CPU
		{190DC703-421C-45D9-8AE9-6DFD666FF5CA}.Release|x64.Build.0 = Release|Any CPU
		{190DC703-421C-45D9-8AE9-6DFD666FF5CA}.Release|x86.ActiveCfg = Release|Any CPU
		{190DC703-421C-45D9-8AE9-6DFD666FF5CA}.Release|x86.Build.0 = Release|Any CPU
	EndGlobalSection
	GlobalSection(SolutionProperties) = preSolution
		HideSolutionNode = FALSE
	EndGlobalSection
	GlobalSection(NestedProjects) = preSolution
		{DE5503A6-3953-4BD0-A45A-F69CE2A59273} = {D4445AC7-89F7-4DDE-A59C-089BE8360C23}
		{630A1D15-42F7-444E-A7EC-96271CD4DE8C} = {D4445AC7-89F7-4DDE-A59C-089BE8360C23}
		{B9884D5A-613F-45F8-9606-F2CE9B2A889D} = {630A1D15-42F7-444E-A7EC-96271CD4DE8C}
		{5FFEBEFC-408A-4335-BC8D-FE5EF4E81263} = {F352E63D-4DFC-488A-A41E-A066C4994AA8}
		{DDB8EF7C-B53E-4EA7-9C75-C78BFD5FCA22} = {D4445AC7-89F7-4DDE-A59C-089BE8360C23}
		{38DD8C5D-FB8A-4BC8-8AF5-4FFBAF2B7554} = {630A1D15-42F7-444E-A7EC-96271CD4DE8C}
		{3B85587D-8873-4F6F-87FF-A7881F8B655A} = {D4445AC7-89F7-4DDE-A59C-089BE8360C23}
		{4AF91C5C-2B40-4FA1-82F8-DBDC08AB9F14} = {630A1D15-42F7-444E-A7EC-96271CD4DE8C}
		{48A0F1AD-6291-40E6-9A4F-A01A7056A4A3} = {D4445AC7-89F7-4DDE-A59C-089BE8360C23}
		{27195E43-262F-4673-B39D-074D8486E28C} = {630A1D15-42F7-444E-A7EC-96271CD4DE8C}
		{D7513568-2A6F-4AC8-B1E6-023E11CAF503} = {F352E63D-4DFC-488A-A41E-A066C4994AA8}
		{1F2CCCFD-36B5-41A2-B351-C8FB817D7452} = {D7513568-2A6F-4AC8-B1E6-023E11CAF503}
		{C646E88C-A647-4D69-8827-92AB74317952} = {F352E63D-4DFC-488A-A41E-A066C4994AA8}
		{190DC703-421C-45D9-8AE9-6DFD666FF5CA} = {D1D49267-1893-4604-9FD4-5024C7451E5E}
	EndGlobalSection
	GlobalSection(ExtensibilityGlobals) = postSolution
		SolutionGuid = {A278B383-0D14-41B3-A71C-4505E1D503DF}
	EndGlobalSection
EndGlobal
